// !$*UTF8*$!
{
	archiveVersion = 1;
	classes = {
	};
	objectVersion = 56;
	objects = {

/* Begin PBXBuildFile section */
		2E2978402A2D194F00FA289D /* LocationSearchActivationView.swift in Sources */ = {isa = PBXBuildFile; fileRef = 2E29783F2A2D194F00FA289D /* LocationSearchActivationView.swift */; };
		2E2978422A2D1BB000FA289D /* MapViewActionView.swift in Sources */ = {isa = PBXBuildFile; fileRef = 2E2978412A2D1BB000FA289D /* MapViewActionView.swift */; };
		2E2978442A2D1DFC00FA289D /* LocationSearchView.swift in Sources */ = {isa = PBXBuildFile; fileRef = 2E2978432A2D1DFC00FA289D /* LocationSearchView.swift */; };
		2E2978462A2D275400FA289D /* LocationSearchResultCell.swift in Sources */ = {isa = PBXBuildFile; fileRef = 2E2978452A2D275400FA289D /* LocationSearchResultCell.swift */; };
		2E4EE1042A2FCDDC003561FF /* MapViewState.swift in Sources */ = {isa = PBXBuildFile; fileRef = 2E4EE1032A2FCDDC003561FF /* MapViewState.swift */; };
		2E67C73D2A2BD1FE0034FCE4 /* UberCloneApp.swift in Sources */ = {isa = PBXBuildFile; fileRef = 2E67C73C2A2BD1FE0034FCE4 /* UberCloneApp.swift */; };
		2E67C7412A2BD1FF0034FCE4 /* Assets.xcassets in Resources */ = {isa = PBXBuildFile; fileRef = 2E67C7402A2BD1FF0034FCE4 /* Assets.xcassets */; };
		2E67C7442A2BD1FF0034FCE4 /* Preview Assets.xcassets in Resources */ = {isa = PBXBuildFile; fileRef = 2E67C7432A2BD1FF0034FCE4 /* Preview Assets.xcassets */; };
		2E67C7522A2BD3240034FCE4 /* HomeView.swift in Sources */ = {isa = PBXBuildFile; fileRef = 2E67C7512A2BD3240034FCE4 /* HomeView.swift */; };
		2E67C7542A2BD38F0034FCE4 /* UberMapViewRepresentable.swift in Sources */ = {isa = PBXBuildFile; fileRef = 2E67C7532A2BD38F0034FCE4 /* UberMapViewRepresentable.swift */; };
		2E67C7562A2BD93E0034FCE4 /* LocationManager.swift in Sources */ = {isa = PBXBuildFile; fileRef = 2E67C7552A2BD93E0034FCE4 /* LocationManager.swift */; };
		2E6D8E0E2A2E79790097BAF0 /* LocationSearchViewModel.swift in Sources */ = {isa = PBXBuildFile; fileRef = 2E6D8E0D2A2E79790097BAF0 /* LocationSearchViewModel.swift */; };
		2E7806072A321E7B0063F9BF /* Double.swift in Sources */ = {isa = PBXBuildFile; fileRef = 2E7806062A321E7B0063F9BF /* Double.swift */; };
		2E7806092A3226F70063F9BF /* UberLocation.swift in Sources */ = {isa = PBXBuildFile; fileRef = 2E7806082A3226F70063F9BF /* UberLocation.swift */; };
		2E78060B2A322FBF0063F9BF /* Color.swift in Sources */ = {isa = PBXBuildFile; fileRef = 2E78060A2A322FBF0063F9BF /* Color.swift */; };
		2ECE94B42A30B2CA001E6BF3 /* RideRequestView.swift in Sources */ = {isa = PBXBuildFile; fileRef = 2ECE94B32A30B2CA001E6BF3 /* RideRequestView.swift */; };
		2ECE94B62A30CA12001E6BF3 /* RideType.swift in Sources */ = {isa = PBXBuildFile; fileRef = 2ECE94B52A30CA12001E6BF3 /* RideType.swift */; };
/* End PBXBuildFile section */

/* Begin PBXFileReference section */
		2E29783F2A2D194F00FA289D /* LocationSearchActivationView.swift */ = {isa = PBXFileReference; lastKnownFileType = sourcecode.swift; path = LocationSearchActivationView.swift; sourceTree = "<group>"; };
		2E2978412A2D1BB000FA289D /* MapViewActionView.swift */ = {isa = PBXFileReference; lastKnownFileType = sourcecode.swift; path = MapViewActionView.swift; sourceTree = "<group>"; };
		2E2978432A2D1DFC00FA289D /* LocationSearchView.swift */ = {isa = PBXFileReference; lastKnownFileType = sourcecode.swift; path = LocationSearchView.swift; sourceTree = "<group>"; };
		2E2978452A2D275400FA289D /* LocationSearchResultCell.swift */ = {isa = PBXFileReference; lastKnownFileType = sourcecode.swift; path = LocationSearchResultCell.swift; sourceTree = "<group>"; };
		2E4EE1032A2FCDDC003561FF /* MapViewState.swift */ = {isa = PBXFileReference; lastKnownFileType = sourcecode.swift; path = MapViewState.swift; sourceTree = "<group>"; };
		2E67C7392A2BD1FE0034FCE4 /* UberClone.app */ = {isa = PBXFileReference; explicitFileType = wrapper.application; includeInIndex = 0; path = UberClone.app; sourceTree = BUILT_PRODUCTS_DIR; };
		2E67C73C2A2BD1FE0034FCE4 /* UberCloneApp.swift */ = {isa = PBXFileReference; lastKnownFileType = sourcecode.swift; path = UberCloneApp.swift; sourceTree = "<group>"; };
		2E67C7402A2BD1FF0034FCE4 /* Assets.xcassets */ = {isa = PBXFileReference; lastKnownFileType = folder.assetcatalog; path = Assets.xcassets; sourceTree = "<group>"; };
		2E67C7432A2BD1FF0034FCE4 /* Preview Assets.xcassets */ = {isa = PBXFileReference; lastKnownFileType = folder.assetcatalog; path = "Preview Assets.xcassets"; sourceTree = "<group>"; };
		2E67C7512A2BD3240034FCE4 /* HomeView.swift */ = {isa = PBXFileReference; lastKnownFileType = sourcecode.swift; path = HomeView.swift; sourceTree = "<group>"; };
		2E67C7532A2BD38F0034FCE4 /* UberMapViewRepresentable.swift */ = {isa = PBXFileReference; lastKnownFileType = sourcecode.swift; path = UberMapViewRepresentable.swift; sourceTree = "<group>"; };
		2E67C7552A2BD93E0034FCE4 /* LocationManager.swift */ = {isa = PBXFileReference; lastKnownFileType = sourcecode.swift; path = LocationManager.swift; sourceTree = "<group>"; };
		2E6D8E0D2A2E79790097BAF0 /* LocationSearchViewModel.swift */ = {isa = PBXFileReference; lastKnownFileType = sourcecode.swift; path = LocationSearchViewModel.swift; sourceTree = "<group>"; };
		2E7806062A321E7B0063F9BF /* Double.swift */ = {isa = PBXFileReference; lastKnownFileType = sourcecode.swift; path = Double.swift; sourceTree = "<group>"; };
		2E7806082A3226F70063F9BF /* UberLocation.swift */ = {isa = PBXFileReference; lastKnownFileType = sourcecode.swift; path = UberLocation.swift; sourceTree = "<group>"; };
		2E78060A2A322FBF0063F9BF /* Color.swift */ = {isa = PBXFileReference; lastKnownFileType = sourcecode.swift; path = Color.swift; sourceTree = "<group>"; };
		2ECE94B32A30B2CA001E6BF3 /* RideRequestView.swift */ = {isa = PBXFileReference; lastKnownFileType = sourcecode.swift; path = RideRequestView.swift; sourceTree = "<group>"; };
		2ECE94B52A30CA12001E6BF3 /* RideType.swift */ = {isa = PBXFileReference; lastKnownFileType = sourcecode.swift; path = RideType.swift; sourceTree = "<group>"; };
/* End PBXFileReference section */

/* Begin PBXFrameworksBuildPhase section */
		2E67C7362A2BD1FE0034FCE4 /* Frameworks */ = {
			isa = PBXFrameworksBuildPhase;
			buildActionMask = 2147483647;
			files = (
			);
			runOnlyForDeploymentPostprocessing = 0;
		};
/* End PBXFrameworksBuildPhase section */

/* Begin PBXGroup section */
		2E2978392A2D18B800FA289D /* Home */ = {
			isa = PBXGroup;
			children = (
				2E67C74F2A2BD2E40034FCE4 /* Views */,
				2E67C7502A2BD2E90034FCE4 /* ViewModels */,
			);
			path = Home;
			sourceTree = "<group>";
		};
		2E29783A2A2D18C600FA289D /* LocationSearch */ = {
			isa = PBXGroup;
			children = (
				2E29783C2A2D18E100FA289D /* Views */,
				2E29783B2A2D18DA00FA289D /* ViewModel */,
			);
			path = LocationSearch;
			sourceTree = "<group>";
		};
		2E29783B2A2D18DA00FA289D /* ViewModel */ = {
			isa = PBXGroup;
			children = (
				2E6D8E0D2A2E79790097BAF0 /* LocationSearchViewModel.swift */,
			);
			path = ViewModel;
			sourceTree = "<group>";
		};
		2E29783C2A2D18E100FA289D /* Views */ = {
			isa = PBXGroup;
			children = (
				2E29783F2A2D194F00FA289D /* LocationSearchActivationView.swift */,
				2E2978432A2D1DFC00FA289D /* LocationSearchView.swift */,
				2E2978452A2D275400FA289D /* LocationSearchResultCell.swift */,
			);
			path = Views;
			sourceTree = "<group>";
		};
		2E67C7302A2BD1FE0034FCE4 = {
			isa = PBXGroup;
			children = (
				2E67C73B2A2BD1FE0034FCE4 /* UberClone */,
				2E67C73A2A2BD1FE0034FCE4 /* Products */,
			);
			sourceTree = "<group>";
		};
		2E67C73A2A2BD1FE0034FCE4 /* Products */ = {
			isa = PBXGroup;
			children = (
				2E67C7392A2BD1FE0034FCE4 /* UberClone.app */,
			);
			name = Products;
			sourceTree = "<group>";
		};
		2E67C73B2A2BD1FE0034FCE4 /* UberClone */ = {
			isa = PBXGroup;
			children = (
				2E67C74E2A2BD2350034FCE4 /* App */,
				2E67C74D2A2BD2330034FCE4 /* Core */,
				2E67C74C2A2BD2310034FCE4 /* Extensions */,
				2E67C74B2A2BD22F0034FCE4 /* Managers */,
				2E67C74A2A2BD22A0034FCE4 /* Models */,
				2E67C7402A2BD1FF0034FCE4 /* Assets.xcassets */,
				2E67C7422A2BD1FF0034FCE4 /* Preview Content */,
			);
			path = UberClone;
			sourceTree = "<group>";
		};
		2E67C7422A2BD1FF0034FCE4 /* Preview Content */ = {
			isa = PBXGroup;
			children = (
				2E67C7432A2BD1FF0034FCE4 /* Preview Assets.xcassets */,
			);
			path = "Preview Content";
			sourceTree = "<group>";
		};
		2E67C74A2A2BD22A0034FCE4 /* Models */ = {
			isa = PBXGroup;
			children = (
				2E4EE1032A2FCDDC003561FF /* MapViewState.swift */,
				2ECE94B52A30CA12001E6BF3 /* RideType.swift */,
				2E7806082A3226F70063F9BF /* UberLocation.swift */,
			);
			path = Models;
			sourceTree = "<group>";
		};
		2E67C74B2A2BD22F0034FCE4 /* Managers */ = {
			isa = PBXGroup;
			children = (
				2E67C7552A2BD93E0034FCE4 /* LocationManager.swift */,
			);
			path = Managers;
			sourceTree = "<group>";
		};
		2E67C74C2A2BD2310034FCE4 /* Extensions */ = {
			isa = PBXGroup;
			children = (
				2E7806062A321E7B0063F9BF /* Double.swift */,
				2E78060A2A322FBF0063F9BF /* Color.swift */,
			);
			path = Extensions;
			sourceTree = "<group>";
		};
		2E67C74D2A2BD2330034FCE4 /* Core */ = {
			isa = PBXGroup;
			children = (
				2ECE94B22A30B23F001E6BF3 /* Trips */,
				2E29783A2A2D18C600FA289D /* LocationSearch */,
				2E2978392A2D18B800FA289D /* Home */,
			);
			path = Core;
			sourceTree = "<group>";
		};
		2E67C74E2A2BD2350034FCE4 /* App */ = {
			isa = PBXGroup;
			children = (
				2E67C73C2A2BD1FE0034FCE4 /* UberCloneApp.swift */,
			);
			path = App;
			sourceTree = "<group>";
		};
		2E67C74F2A2BD2E40034FCE4 /* Views */ = {
			isa = PBXGroup;
			children = (
				2E67C7512A2BD3240034FCE4 /* HomeView.swift */,
				2E67C7532A2BD38F0034FCE4 /* UberMapViewRepresentable.swift */,
				2E2978412A2D1BB000FA289D /* MapViewActionView.swift */,
			);
			path = Views;
			sourceTree = "<group>";
		};
		2E67C7502A2BD2E90034FCE4 /* ViewModels */ = {
			isa = PBXGroup;
			children = (
			);
			path = ViewModels;
			sourceTree = "<group>";
		};
		2ECE94B22A30B23F001E6BF3 /* Trips */ = {
			isa = PBXGroup;
			children = (
				2ECE94B32A30B2CA001E6BF3 /* RideRequestView.swift */,
			);
			path = Trips;
			sourceTree = "<group>";
		};
/* End PBXGroup section */

/* Begin PBXNativeTarget section */
		2E67C7382A2BD1FE0034FCE4 /* UberClone */ = {
			isa = PBXNativeTarget;
			buildConfigurationList = 2E67C7472A2BD1FF0034FCE4 /* Build configuration list for PBXNativeTarget "UberClone" */;
			buildPhases = (
				2E67C7352A2BD1FE0034FCE4 /* Sources */,
				2E67C7362A2BD1FE0034FCE4 /* Frameworks */,
				2E67C7372A2BD1FE0034FCE4 /* Resources */,
			);
			buildRules = (
			);
			dependencies = (
			);
			name = UberClone;
			productName = UberClone;
			productReference = 2E67C7392A2BD1FE0034FCE4 /* UberClone.app */;
			productType = "com.apple.product-type.application";
		};
/* End PBXNativeTarget section */

/* Begin PBXProject section */
		2E67C7312A2BD1FE0034FCE4 /* Project object */ = {
			isa = PBXProject;
			attributes = {
				BuildIndependentTargetsInParallel = 1;
				LastSwiftUpdateCheck = 1400;
				LastUpgradeCheck = 1400;
				TargetAttributes = {
					2E67C7382A2BD1FE0034FCE4 = {
						CreatedOnToolsVersion = 14.0.1;
					};
				};
			};
			buildConfigurationList = 2E67C7342A2BD1FE0034FCE4 /* Build configuration list for PBXProject "UberClone" */;
			compatibilityVersion = "Xcode 14.0";
			developmentRegion = en;
			hasScannedForEncodings = 0;
			knownRegions = (
				en,
				Base,
			);
			mainGroup = 2E67C7302A2BD1FE0034FCE4;
			productRefGroup = 2E67C73A2A2BD1FE0034FCE4 /* Products */;
			projectDirPath = "";
			projectRoot = "";
			targets = (
				2E67C7382A2BD1FE0034FCE4 /* UberClone */,
			);
		};
/* End PBXProject section */

/* Begin PBXResourcesBuildPhase section */
		2E67C7372A2BD1FE0034FCE4 /* Resources */ = {
			isa = PBXResourcesBuildPhase;
			buildActionMask = 2147483647;
			files = (
				2E67C7442A2BD1FF0034FCE4 /* Preview Assets.xcassets in Resources */,
				2E67C7412A2BD1FF0034FCE4 /* Assets.xcassets in Resources */,
			);
			runOnlyForDeploymentPostprocessing = 0;
		};
/* End PBXResourcesBuildPhase section */

/* Begin PBXSourcesBuildPhase section */
		2E67C7352A2BD1FE0034FCE4 /* Sources */ = {
			isa = PBXSourcesBuildPhase;
			buildActionMask = 2147483647;
			files = (
				2E6D8E0E2A2E79790097BAF0 /* LocationSearchViewModel.swift in Sources */,
				2E2978442A2D1DFC00FA289D /* LocationSearchView.swift in Sources */,
				2E67C7562A2BD93E0034FCE4 /* LocationManager.swift in Sources */,
				2ECE94B42A30B2CA001E6BF3 /* RideRequestView.swift in Sources */,
				2E7806072A321E7B0063F9BF /* Double.swift in Sources */,
				2E4EE1042A2FCDDC003561FF /* MapViewState.swift in Sources */,
				2E67C73D2A2BD1FE0034FCE4 /* UberCloneApp.swift in Sources */,
				2E67C7542A2BD38F0034FCE4 /* UberMapViewRepresentable.swift in Sources */,
				2E78060B2A322FBF0063F9BF /* Color.swift in Sources */,
				2E67C7522A2BD3240034FCE4 /* HomeView.swift in Sources */,
				2E2978422A2D1BB000FA289D /* MapViewActionView.swift in Sources */,
				2E7806092A3226F70063F9BF /* UberLocation.swift in Sources */,
				2E2978402A2D194F00FA289D /* LocationSearchActivationView.swift in Sources */,
				2E2978462A2D275400FA289D /* LocationSearchResultCell.swift in Sources */,
				2ECE94B62A30CA12001E6BF3 /* RideType.swift in Sources */,
			);
			runOnlyForDeploymentPostprocessing = 0;
		};
/* End PBXSourcesBuildPhase section */

/* Begin XCBuildConfiguration section */
		2E67C7452A2BD1FF0034FCE4 /* Debug */ = {
			isa = XCBuildConfiguration;
			buildSettings = {
				ALWAYS_SEARCH_USER_PATHS = NO;
				CLANG_ANALYZER_NONNULL = YES;
				CLANG_ANALYZER_NUMBER_OBJECT_CONVERSION = YES_AGGRESSIVE;
				CLANG_CXX_LANGUAGE_STANDARD = "gnu++20";
				CLANG_ENABLE_MODULES = YES;
				CLANG_ENABLE_OBJC_ARC = YES;
				CLANG_ENABLE_OBJC_WEAK = YES;
				CLANG_WARN_BLOCK_CAPTURE_AUTORELEASING = YES;
				CLANG_WARN_BOOL_CONVERSION = YES;
				CLANG_WARN_COMMA = YES;
				CLANG_WARN_CONSTANT_CONVERSION = YES;
				CLANG_WARN_DEPRECATED_OBJC_IMPLEMENTATIONS = YES;
				CLANG_WARN_DIRECT_OBJC_ISA_USAGE = YES_ERROR;
				CLANG_WARN_DOCUMENTATION_COMMENTS = YES;
				CLANG_WARN_EMPTY_BODY = YES;
				CLANG_WARN_ENUM_CONVERSION = YES;
				CLANG_WARN_INFINITE_RECURSION = YES;
				CLANG_WARN_INT_CONVERSION = YES;
				CLANG_WARN_NON_LITERAL_NULL_CONVERSION = YES;
				CLANG_WARN_OBJC_IMPLICIT_RETAIN_SELF = YES;
				CLANG_WARN_OBJC_LITERAL_CONVERSION = YES;
				CLANG_WARN_OBJC_ROOT_CLASS = YES_ERROR;
				CLANG_WARN_QUOTED_INCLUDE_IN_FRAMEWORK_HEADER = YES;
				CLANG_WARN_RANGE_LOOP_ANALYSIS = YES;
				CLANG_WARN_STRICT_PROTOTYPES = YES;
				CLANG_WARN_SUSPICIOUS_MOVE = YES;
				CLANG_WARN_UNGUARDED_AVAILABILITY = YES_AGGRESSIVE;
				CLANG_WARN_UNREACHABLE_CODE = YES;
				CLANG_WARN__DUPLICATE_METHOD_MATCH = YES;
				COPY_PHASE_STRIP = NO;
				DEBUG_INFORMATION_FORMAT = dwarf;
				ENABLE_STRICT_OBJC_MSGSEND = YES;
				ENABLE_TESTABILITY = YES;
				GCC_C_LANGUAGE_STANDARD = gnu11;
				GCC_DYNAMIC_NO_PIC = NO;
				GCC_NO_COMMON_BLOCKS = YES;
				GCC_OPTIMIZATION_LEVEL = 0;
				GCC_PREPROCESSOR_DEFINITIONS = (
					"DEBUG=1",
					"$(inherited)",
				);
				GCC_WARN_64_TO_32_BIT_CONVERSION = YES;
				GCC_WARN_ABOUT_RETURN_TYPE = YES_ERROR;
				GCC_WARN_UNDECLARED_SELECTOR = YES;
				GCC_WARN_UNINITIALIZED_AUTOS = YES_AGGRESSIVE;
				GCC_WARN_UNUSED_FUNCTION = YES;
				GCC_WARN_UNUSED_VARIABLE = YES;
				IPHONEOS_DEPLOYMENT_TARGET = 16.0;
				MTL_ENABLE_DEBUG_INFO = INCLUDE_SOURCE;
				MTL_FAST_MATH = YES;
				ONLY_ACTIVE_ARCH = YES;
				SDKROOT = iphoneos;
				SWIFT_ACTIVE_COMPILATION_CONDITIONS = DEBUG;
				SWIFT_OPTIMIZATION_LEVEL = "-Onone";
			};
			name = Debug;
		};
		2E67C7462A2BD1FF0034FCE4 /* Release */ = {
			isa = XCBuildConfiguration;
			buildSettings = {
				ALWAYS_SEARCH_USER_PATHS = NO;
				CLANG_ANALYZER_NONNULL = YES;
				CLANG_ANALYZER_NUMBER_OBJECT_CONVERSION = YES_AGGRESSIVE;
				CLANG_CXX_LANGUAGE_STANDARD = "gnu++20";
				CLANG_ENABLE_MODULES = YES;
				CLANG_ENABLE_OBJC_ARC = YES;
				CLANG_ENABLE_OBJC_WEAK = YES;
				CLANG_WARN_BLOCK_CAPTURE_AUTORELEASING = YES;
				CLANG_WARN_BOOL_CONVERSION = YES;
				CLANG_WARN_COMMA = YES;
				CLANG_WARN_CONSTANT_CONVERSION = YES;
				CLANG_WARN_DEPRECATED_OBJC_IMPLEMENTATIONS = YES;
				CLANG_WARN_DIRECT_OBJC_ISA_USAGE = YES_ERROR;
				CLANG_WARN_DOCUMENTATION_COMMENTS = YES;
				CLANG_WARN_EMPTY_BODY = YES;
				CLANG_WARN_ENUM_CONVERSION = YES;
				CLANG_WARN_INFINITE_RECURSION = YES;
				CLANG_WARN_INT_CONVERSION = YES;
				CLANG_WARN_NON_LITERAL_NULL_CONVERSION = YES;
				CLANG_WARN_OBJC_IMPLICIT_RETAIN_SELF = YES;
				CLANG_WARN_OBJC_LITERAL_CONVERSION = YES;
				CLANG_WARN_OBJC_ROOT_CLASS = YES_ERROR;
				CLANG_WARN_QUOTED_INCLUDE_IN_FRAMEWORK_HEADER = YES;
				CLANG_WARN_RANGE_LOOP_ANALYSIS = YES;
				CLANG_WARN_STRICT_PROTOTYPES = YES;
				CLANG_WARN_SUSPICIOUS_MOVE = YES;
				CLANG_WARN_UNGUARDED_AVAILABILITY = YES_AGGRESSIVE;
				CLANG_WARN_UNREACHABLE_CODE = YES;
				CLANG_WARN__DUPLICATE_METHOD_MATCH = YES;
				COPY_PHASE_STRIP = NO;
				DEBUG_INFORMATION_FORMAT = "dwarf-with-dsym";
				ENABLE_NS_ASSERTIONS = NO;
				ENABLE_STRICT_OBJC_MSGSEND = YES;
				GCC_C_LANGUAGE_STANDARD = gnu11;
				GCC_NO_COMMON_BLOCKS = YES;
				GCC_WARN_64_TO_32_BIT_CONVERSION = YES;
				GCC_WARN_ABOUT_RETURN_TYPE = YES_ERROR;
				GCC_WARN_UNDECLARED_SELECTOR = YES;
				GCC_WARN_UNINITIALIZED_AUTOS = YES_AGGRESSIVE;
				GCC_WARN_UNUSED_FUNCTION = YES;
				GCC_WARN_UNUSED_VARIABLE = YES;
				IPHONEOS_DEPLOYMENT_TARGET = 16.0;
				MTL_ENABLE_DEBUG_INFO = NO;
				MTL_FAST_MATH = YES;
				SDKROOT = iphoneos;
				SWIFT_COMPILATION_MODE = wholemodule;
				SWIFT_OPTIMIZATION_LEVEL = "-O";
				VALIDATE_PRODUCT = YES;
			};
			name = Release;
		};
		2E67C7482A2BD1FF0034FCE4 /* Debug */ = {
			isa = XCBuildConfiguration;
			buildSettings = {
				ASSETCATALOG_COMPILER_APPICON_NAME = AppIcon;
				ASSETCATALOG_COMPILER_GLOBAL_ACCENT_COLOR_NAME = AccentColor;
				CODE_SIGN_STYLE = Automatic;
				CURRENT_PROJECT_VERSION = 1;
				DEVELOPMENT_ASSET_PATHS = "\"UberClone/Preview Content\"";
				DEVELOPMENT_TEAM = 4FF3AT39PV;
				ENABLE_PREVIEWS = YES;
				GENERATE_INFOPLIST_FILE = YES;
				INFOPLIST_KEY_NSLocationWhenInUseUsageDescription = "Allow us to access your location to find you nearby drivers.";
				INFOPLIST_KEY_UIApplicationSceneManifest_Generation = YES;
				INFOPLIST_KEY_UIApplicationSupportsIndirectInputEvents = YES;
				INFOPLIST_KEY_UILaunchScreen_Generation = YES;
				INFOPLIST_KEY_UISupportedInterfaceOrientations_iPad = "UIInterfaceOrientationPortrait UIInterfaceOrientationPortraitUpsideDown UIInterfaceOrientationLandscapeLeft UIInterfaceOrientationLandscapeRight";
				INFOPLIST_KEY_UISupportedInterfaceOrientations_iPhone = "UIInterfaceOrientationPortrait UIInterfaceOrientationLandscapeLeft UIInterfaceOrientationLandscapeRight";
				LD_RUNPATH_SEARCH_PATHS = (
					"$(inherited)",
					"@executable_path/Frameworks",
				);
				MARKETING_VERSION = 1.0;
				PRODUCT_BUNDLE_IDENTIFIER = co.deltae.UberClone;
				PRODUCT_NAME = "$(TARGET_NAME)";
				SWIFT_EMIT_LOC_STRINGS = YES;
				SWIFT_VERSION = 5.0;
				TARGETED_DEVICE_FAMILY = "1,2";
			};
			name = Debug;
		};
		2E67C7492A2BD1FF0034FCE4 /* Release */ = {
			isa = XCBuildConfiguration;
			buildSettings = {
				ASSETCATALOG_COMPILER_APPICON_NAME = AppIcon;
				ASSETCATALOG_COMPILER_GLOBAL_ACCENT_COLOR_NAME = AccentColor;
				CODE_SIGN_STYLE = Automatic;
				CURRENT_PROJECT_VERSION = 1;
				DEVELOPMENT_ASSET_PATHS = "\"UberClone/Preview Content\"";
				DEVELOPMENT_TEAM = 4FF3AT39PV;
				ENABLE_PREVIEWS = YES;
				GENERATE_INFOPLIST_FILE = YES;
				INFOPLIST_KEY_NSLocationWhenInUseUsageDescription = "Allow us to access your location to find you nearby drivers.";
				INFOPLIST_KEY_UIApplicationSceneManifest_Generation = YES;
				INFOPLIST_KEY_UIApplicationSupportsIndirectInputEvents = YES;
				INFOPLIST_KEY_UILaunchScreen_Generation = YES;
				INFOPLIST_KEY_UISupportedInterfaceOrientations_iPad = "UIInterfaceOrientationPortrait UIInterfaceOrientationPortraitUpsideDown UIInterfaceOrientationLandscapeLeft UIInterfaceOrientationLandscapeRight";
				INFOPLIST_KEY_UISupportedInterfaceOrientations_iPhone = "UIInterfaceOrientationPortrait UIInterfaceOrientationLandscapeLeft UIInterfaceOrientationLandscapeRight";
				LD_RUNPATH_SEARCH_PATHS = (
					"$(inherited)",
					"@executable_path/Frameworks",
				);
				MARKETING_VERSION = 1.0;
				PRODUCT_BUNDLE_IDENTIFIER = co.deltae.UberClone;
				PRODUCT_NAME = "$(TARGET_NAME)";
				SWIFT_EMIT_LOC_STRINGS = YES;
				SWIFT_VERSION = 5.0;
				TARGETED_DEVICE_FAMILY = "1,2";
			};
			name = Release;
		};
/* End XCBuildConfiguration section */

/* Begin XCConfigurationList section */
		2E67C7342A2BD1FE0034FCE4 /* Build configuration list for PBXProject "UberClone" */ = {
			isa = XCConfigurationList;
			buildConfigurations = (
				2E67C7452A2BD1FF0034FCE4 /* Debug */,
				2E67C7462A2BD1FF0034FCE4 /* Release */,
			);
			defaultConfigurationIsVisible = 0;
			defaultConfigurationName = Release;
		};
		2E67C7472A2BD1FF0034FCE4 /* Build configuration list for PBXNativeTarget "UberClone" */ = {
			isa = XCConfigurationList;
			buildConfigurations = (
				2E67C7482A2BD1FF0034FCE4 /* Debug */,
				2E67C7492A2BD1FF0034FCE4 /* Release */,
			);
			defaultConfigurationIsVisible = 0;
			defaultConfigurationName = Release;
		};
/* End XCConfigurationList section */
	};
	rootObject = 2E67C7312A2BD1FE0034FCE4 /* Project object */;
}
